
Microsoft Visual Studio Solution File, Format Version 12.00
# Visual Studio Version 17
VisualStudioVersion = 17.5.33414.496
MinimumVisualStudioVersion = 10.0.40219.1
Project("{8BC9CEB8-8B4A-11D0-8D11-00A0C91BC942}") = "Client", "Project\Client\Client.vcxproj", "{9BABD672-0231-4A96-9EEE-B78A2B4CC5E2}"
EndProject
Project("{8BC9CEB8-8B4A-11D0-8D11-00A0C91BC942}") = "Engine", "Project\Engine\Engine.vcxproj", "{07F6B3A2-CD02-4EC0-B29B-1ED8200B792A}"
EndProject
Global
	GlobalSection(SolutionConfigurationPlatforms) = preSolution
		Debug|x64 = Debug|x64
		Debug|x86 = Debug|x86
		Release|x64 = Release|x64
		Release|x86 = Release|x86
	EndGlobalSection
	GlobalSection(ProjectConfigurationPlatforms) = postSolution
		{9BABD672-0231-4A96-9EEE-B78A2B4CC5E2}.Debug|x64.ActiveCfg = Debug|x64
		{9BABD672-0231-4A96-9EEE-B78A2B4CC5E2}.Debug|x64.Build.0 = Debug|x64
		{9BABD672-0231-4A96-9EEE-B78A2B4CC5E2}.Debug|x86.ActiveCfg = Debug|Win32
		{9BABD672-0231-4A96-9EEE-B78A2B4CC5E2}.Debug|x86.Build.0 = Debug|Win32
		{9BABD672-0231-4A96-9EEE-B78A2B4CC5E2}.Release|x64.ActiveCfg = Release|x64
		{9BABD672-0231-4A96-9EEE-B78A2B4CC5E2}.Release|x64.Build.0 = Release|x64
		{9BABD672-0231-4A96-9EEE-B78A2B4CC5E2}.Release|x86.ActiveCfg = Release|Win32
		{9BABD672-0231-4A96-9EEE-B78A2B4CC5E2}.Release|x86.Build.0 = Release|Win32
		{07F6B3A2-CD02-4EC0-B29B-1ED8200B792A}.Debug|x64.ActiveCfg = Debug|x64
		{07F6B3A2-CD02-4EC0-B29B-1ED8200B792A}.Debug|x64.Build.0 = Debug|x64
		{07F6B3A2-CD02-4EC0-B29B-1ED8200B792A}.Debug|x86.ActiveCfg = Debug|Win32
		{07F6B3A2-CD02-4EC0-B29B-1ED8200B792A}.Debug|x86.Build.0 = Debug|Win32
		{07F6B3A2-CD02-4EC0-B29B-1ED8200B792A}.Release|x64.ActiveCfg = Release|x64
		{07F6B3A2-CD02-4EC0-B29B-1ED8200B792A}.Release|x64.Build.0 = Release|x64
		{07F6B3A2-CD02-4EC0-B29B-1ED8200B792A}.Release|x86.ActiveCfg = Release|Win32
		{07F6B3A2-CD02-4EC0-B29B-1ED8200B792A}.Release|x86.Build.0 = Release|Win32
	EndGlobalSection
	GlobalSection(SolutionProperties) = preSolution
		HideSolutionNode = FALSE
	EndGlobalSection
	GlobalSection(ExtensibilityGlobals) = postSolution
		SolutionGuid = {88776F75-B9AF-4E28-AF8A-C625EA5EE3B0}
	EndGlobalSection
EndGlobal
